
Microsoft Visual Studio Solution File, Format Version 12.00
# Visual Studio Version 17
VisualStudioVersion = 17.1.32210.238
MinimumVisualStudioVersion = 10.0.40219.1
Project("{9A19103F-16F7-4668-BE54-9A1E7A4F7556}") = "Try_oneway_stack", "Try\Try_oneway_stack.csproj", "{79EA1EE8-82FB-4A0B-A326-BFE4D8111EAB}"
EndProject
Project("{9A19103F-16F7-4668-BE54-9A1E7A4F7556}") = "Lab_1", "Lab_1\Lab_1.csproj", "{8C1D2599-486A-4847-909D-1AE3B17F0F56}"
EndProject
Project("{9A19103F-16F7-4668-BE54-9A1E7A4F7556}") = "Try_twoway_stack", "Try_twoway\Try_twoway_stack.csproj", "{7E37BEFB-8BD2-4F16-8B4C-9D0828784545}"
EndProject
Project("{9A19103F-16F7-4668-BE54-9A1E7A4F7556}") = "Try_Twoway_queue", "Try_Twoway_queue\Try_Twoway_queue.csproj", "{CCB7A4BA-E820-4BF2-8A7F-F56B78D3F3F3}"
EndProject
Project("{2150E333-8FDC-42A3-9474-1A3956D46DE8}") = "Tries", "Tries", "{66D8CB19-CE5E-4E33-9891-CA863C280914}"
EndProject
Project("{9A19103F-16F7-4668-BE54-9A1E7A4F7556}") = "Lab_2", "Lab_2\Lab_2.csproj", "{C2CA55B7-3905-4F52-B95A-83D91259137C}"
EndProject
Project("{9A19103F-16F7-4668-BE54-9A1E7A4F7556}") = "Lab_2_3", "Lab_2_3\Lab_2_3.csproj", "{718D7370-BAE7-473F-8815-B70F482FED6A}"
EndProject
Project("{9A19103F-16F7-4668-BE54-9A1E7A4F7556}") = "Lab_3_Console", "Lab_3_Console\Lab_3_Console.csproj", "{C2A83741-70BF-46D5-9115-F413674759FF}"
EndProject
Project("{9A19103F-16F7-4668-BE54-9A1E7A4F7556}") = "Lab_3", "Lab_3\Lab_3.csproj", "{E2B1BD36-D984-4A0B-9CA6-B19DE2727BBB}"
EndProject
Project("{9A19103F-16F7-4668-BE54-9A1E7A4F7556}") = "Lab_2_normal", "Lab_2_normal\Lab_2_normal.csproj", "{A9CA17BE-7BDB-4906-A513-D6C5B4108977}"
EndProject
Project("{9A19103F-16F7-4668-BE54-9A1E7A4F7556}") = "Lab_3_normal", "Lab_3_normal\Lab_3_normal.csproj", "{0B23B0FD-3262-4A20-B8D3-E9FD600C1130}"
EndProject
Project("{FAE04EC0-301F-11D3-BF4B-00C04F79EFBC}") = "Lab_4_window", "Lab_4_window\Lab_4_window.csproj", "{701B7E11-69C0-46C0-B06B-FD6ED72D569A}"
EndProject
Project("{8BC9CEB8-8B4A-11D0-8D11-00A0C91BC942}") = "Lab_4", "Lab_4\Lab_4.vcxproj", "{2D9C1C25-506B-432D-985C-0A3E5934FFDB}"
EndProject
Project("{9A19103F-16F7-4668-BE54-9A1E7A4F7556}") = "Lab_4_sharp", "Lab_4_sharp\Lab_4_sharp.csproj", "{5E281A36-C987-4EA8-8682-E21286B8EB6C}"
EndProject
Project("{9A19103F-16F7-4668-BE54-9A1E7A4F7556}") = "Lab_5", "Lab_5\Lab_5.csproj", "{CE9F61A2-2A37-437E-887D-5E2461846C86}"
EndProject
Project("{9A19103F-16F7-4668-BE54-9A1E7A4F7556}") = "Lab_5_normal", "Lab_5_normal\Lab_5_normal.csproj", "{2D9FFBCA-4256-48B5-BAE9-CDFDD548F0EE}"
EndProject
Project("{9A19103F-16F7-4668-BE54-9A1E7A4F7556}") = "Lab_5_normalV2", "Lab_5_normalV2\Lab_5_normalV2.csproj", "{B0747653-7221-48EA-AEA2-781F1CBBAB53}"
EndProject
Project("{FAE04EC0-301F-11D3-BF4B-00C04F79EFBC}") = "RR", "RR\RR.csproj", "{D89E92CD-C0D2-49BE-8F29-DB667DD98AF8}"
EndProject
Global
	GlobalSection(SolutionConfigurationPlatforms) = preSolution
		Debug|Any CPU = Debug|Any CPU
		Debug|x64 = Debug|x64
		Debug|x86 = Debug|x86
		Release|Any CPU = Release|Any CPU
		Release|x64 = Release|x64
		Release|x86 = Release|x86
	EndGlobalSection
	GlobalSection(ProjectConfigurationPlatforms) = postSolution
		{79EA1EE8-82FB-4A0B-A326-BFE4D8111EAB}.Debug|Any CPU.ActiveCfg = Debug|Any CPU
		{79EA1EE8-82FB-4A0B-A326-BFE4D8111EAB}.Debug|Any CPU.Build.0 = Debug|Any CPU
		{79EA1EE8-82FB-4A0B-A326-BFE4D8111EAB}.Debug|x64.ActiveCfg = Debug|Any CPU
		{79EA1EE8-82FB-4A0B-A326-BFE4D8111EAB}.Debug|x64.Build.0 = Debug|Any CPU
		{79EA1EE8-82FB-4A0B-A326-BFE4D8111EAB}.Debug|x86.ActiveCfg = Debug|Any CPU
		{79EA1EE8-82FB-4A0B-A326-BFE4D8111EAB}.Debug|x86.Build.0 = Debug|Any CPU
		{79EA1EE8-82FB-4A0B-A326-BFE4D8111EAB}.Release|Any CPU.ActiveCfg = Release|Any CPU
		{79EA1EE8-82FB-4A0B-A326-BFE4D8111EAB}.Release|Any CPU.Build.0 = Release|Any CPU
		{79EA1EE8-82FB-4A0B-A326-BFE4D8111EAB}.Release|x64.ActiveCfg = Release|Any CPU
		{79EA1EE8-82FB-4A0B-A326-BFE4D8111EAB}.Release|x64.Build.0 = Release|Any CPU
		{79EA1EE8-82FB-4A0B-A326-BFE4D8111EAB}.Release|x86.ActiveCfg = Release|Any CPU
		{79EA1EE8-82FB-4A0B-A326-BFE4D8111EAB}.Release|x86.Build.0 = Release|Any CPU
		{8C1D2599-486A-4847-909D-1AE3B17F0F56}.Debug|Any CPU.ActiveCfg = Debug|Any CPU
		{8C1D2599-486A-4847-909D-1AE3B17F0F56}.Debug|Any CPU.Build.0 = Debug|Any CPU
		{8C1D2599-486A-4847-909D-1AE3B17F0F56}.Debug|x64.ActiveCfg = Debug|Any CPU
		{8C1D2599-486A-4847-909D-1AE3B17F0F56}.Debug|x64.Build.0 = Debug|Any CPU
		{8C1D2599-486A-4847-909D-1AE3B17F0F56}.Debug|x86.ActiveCfg = Debug|Any CPU
		{8C1D2599-486A-4847-909D-1AE3B17F0F56}.Debug|x86.Build.0 = Debug|Any CPU
		{8C1D2599-486A-4847-909D-1AE3B17F0F56}.Release|Any CPU.ActiveCfg = Release|Any CPU
		{8C1D2599-486A-4847-909D-1AE3B17F0F56}.Release|Any CPU.Build.0 = Release|Any CPU
		{8C1D2599-486A-4847-909D-1AE3B17F0F56}.Release|x64.ActiveCfg = Release|Any CPU
		{8C1D2599-486A-4847-909D-1AE3B17F0F56}.Release|x64.Build.0 = Release|Any CPU
		{8C1D2599-486A-4847-909D-1AE3B17F0F56}.Release|x86.ActiveCfg = Release|Any CPU
		{8C1D2599-486A-4847-909D-1AE3B17F0F56}.Release|x86.Build.0 = Release|Any CPU
		{7E37BEFB-8BD2-4F16-8B4C-9D0828784545}.Debug|Any CPU.ActiveCfg = Debug|Any CPU
		{7E37BEFB-8BD2-4F16-8B4C-9D0828784545}.Debug|Any CPU.Build.0 = Debug|Any CPU
		{7E37BEFB-8BD2-4F16-8B4C-9D0828784545}.Debug|x64.ActiveCfg = Debug|Any CPU
		{7E37BEFB-8BD2-4F16-8B4C-9D0828784545}.Debug|x64.Build.0 = Debug|Any CPU
		{7E37BEFB-8BD2-4F16-8B4C-9D0828784545}.Debug|x86.ActiveCfg = Debug|Any CPU
		{7E37BEFB-8BD2-4F16-8B4C-9D0828784545}.Debug|x86.Build.0 = Debug|Any CPU
		{7E37BEFB-8BD2-4F16-8B4C-9D0828784545}.Release|Any CPU.ActiveCfg = Release|Any CPU
		{7E37BEFB-8BD2-4F16-8B4C-9D0828784545}.Release|Any CPU.Build.0 = Release|Any CPU
		{7E37BEFB-8BD2-4F16-8B4C-9D0828784545}.Release|x64.ActiveCfg = Release|Any CPU
		{7E37BEFB-8BD2-4F16-8B4C-9D0828784545}.Release|x64.Build.0 = Release|Any CPU
		{7E37BEFB-8BD2-4F16-8B4C-9D0828784545}.Release|x86.ActiveCfg = Release|Any CPU
		{7E37BEFB-8BD2-4F16-8B4C-9D0828784545}.Release|x86.Build.0 = Release|Any CPU
		{CCB7A4BA-E820-4BF2-8A7F-F56B78D3F3F3}.Debug|Any CPU.ActiveCfg = Debug|Any CPU
		{CCB7A4BA-E820-4BF2-8A7F-F56B78D3F3F3}.Debug|Any CPU.Build.0 = Debug|Any CPU
		{CCB7A4BA-E820-4BF2-8A7F-F56B78D3F3F3}.Debug|x64.ActiveCfg = Debug|Any CPU
		{CCB7A4BA-E820-4BF2-8A7F-F56B78D3F3F3}.Debug|x64.Build.0 = Debug|Any CPU
		{CCB7A4BA-E820-4BF2-8A7F-F56B78D3F3F3}.Debug|x86.ActiveCfg = Debug|Any CPU
		{CCB7A4BA-E820-4BF2-8A7F-F56B78D3F3F3}.Debug|x86.Build.0 = Debug|Any CPU
		{CCB7A4BA-E820-4BF2-8A7F-F56B78D3F3F3}.Release|Any CPU.ActiveCfg = Release|Any CPU
		{CCB7A4BA-E820-4BF2-8A7F-F56B78D3F3F3}.Release|Any CPU.Build.0 = Release|Any CPU
		{CCB7A4BA-E820-4BF2-8A7F-F56B78D3F3F3}.Release|x64.ActiveCfg = Release|Any CPU
		{CCB7A4BA-E820-4BF2-8A7F-F56B78D3F3F3}.Release|x64.Build.0 = Release|Any CPU
		{CCB7A4BA-E820-4BF2-8A7F-F56B78D3F3F3}.Release|x86.ActiveCfg = Release|Any CPU
		{CCB7A4BA-E820-4BF2-8A7F-F56B78D3F3F3}.Release|x86.Build.0 = Release|Any CPU
		{C2CA55B7-3905-4F52-B95A-83D91259137C}.Debug|Any CPU.ActiveCfg = Debug|Any CPU
		{C2CA55B7-3905-4F52-B95A-83D91259137C}.Debug|Any CPU.Build.0 = Debug|Any CPU
		{C2CA55B7-3905-4F52-B95A-83D91259137C}.Debug|x64.ActiveCfg = Debug|Any CPU
		{C2CA55B7-3905-4F52-B95A-83D91259137C}.Debug|x64.Build.0 = Debug|Any CPU
		{C2CA55B7-3905-4F52-B95A-83D91259137C}.Debug|x86.ActiveCfg = Debug|Any CPU
		{C2CA55B7-3905-4F52-B95A-83D91259137C}.Debug|x86.Build.0 = Debug|Any CPU
		{C2CA55B7-3905-4F52-B95A-83D91259137C}.Release|Any CPU.ActiveCfg = Release|Any CPU
		{C2CA55B7-3905-4F52-B95A-83D91259137C}.Release|Any CPU.Build.0 = Release|Any CPU
		{C2CA55B7-3905-4F52-B95A-83D91259137C}.Release|x64.ActiveCfg = Release|Any CPU
		{C2CA55B7-3905-4F52-B95A-83D91259137C}.Release|x64.Build.0 = Release|Any CPU
		{C2CA55B7-3905-4F52-B95A-83D91259137C}.Release|x86.ActiveCfg = Release|Any CPU
		{C2CA55B7-3905-4F52-B95A-83D91259137C}.Release|x86.Build.0 = Release|Any CPU
		{718D7370-BAE7-473F-8815-B70F482FED6A}.Debug|Any CPU.ActiveCfg = Debug|Any CPU
		{718D7370-BAE7-473F-8815-B70F482FED6A}.Debug|Any CPU.Build.0 = Debug|Any CPU
		{718D7370-BAE7-473F-8815-B70F482FED6A}.Debug|x64.ActiveCfg = Debug|Any CPU
		{718D7370-BAE7-473F-8815-B70F482FED6A}.Debug|x64.Build.0 = Debug|Any CPU
		{718D7370-BAE7-473F-8815-B70F482FED6A}.Debug|x86.ActiveCfg = Debug|Any CPU
		{718D7370-BAE7-473F-8815-B70F482FED6A}.Debug|x86.Build.0 = Debug|Any CPU
		{718D7370-BAE7-473F-8815-B70F482FED6A}.Release|Any CPU.ActiveCfg = Release|Any CPU
		{718D7370-BAE7-473F-8815-B70F482FED6A}.Release|Any CPU.Build.0 = Release|Any CPU
		{718D7370-BAE7-473F-8815-B70F482FED6A}.Release|x64.ActiveCfg = Release|Any CPU
		{718D7370-BAE7-473F-8815-B70F482FED6A}.Release|x64.Build.0 = Release|Any CPU
		{718D7370-BAE7-473F-8815-B70F482FED6A}.Release|x86.ActiveCfg = Release|Any CPU
		{718D7370-BAE7-473F-8815-B70F482FED6A}.Release|x86.Build.0 = Release|Any CPU
		{C2A83741-70BF-46D5-9115-F413674759FF}.Debug|Any CPU.ActiveCfg = Debug|Any CPU
		{C2A83741-70BF-46D5-9115-F413674759FF}.Debug|Any CPU.Build.0 = Debug|Any CPU
		{C2A83741-70BF-46D5-9115-F413674759FF}.Debug|x64.ActiveCfg = Debug|Any CPU
		{C2A83741-70BF-46D5-9115-F413674759FF}.Debug|x64.Build.0 = Debug|Any CPU
		{C2A83741-70BF-46D5-9115-F413674759FF}.Debug|x86.ActiveCfg = Debug|Any CPU
		{C2A83741-70BF-46D5-9115-F413674759FF}.Debug|x86.Build.0 = Debug|Any CPU
		{C2A83741-70BF-46D5-9115-F413674759FF}.Release|Any CPU.ActiveCfg = Release|Any CPU
		{C2A83741-70BF-46D5-9115-F413674759FF}.Release|Any CPU.Build.0 = Release|Any CPU
		{C2A83741-70BF-46D5-9115-F413674759FF}.Release|x64.ActiveCfg = Release|Any CPU
		{C2A83741-70BF-46D5-9115-F413674759FF}.Release|x64.Build.0 = Release|Any CPU
		{C2A83741-70BF-46D5-9115-F413674759FF}.Release|x86.ActiveCfg = Release|Any CPU
		{C2A83741-70BF-46D5-9115-F413674759FF}.Release|x86.Build.0 = Release|Any CPU
		{E2B1BD36-D984-4A0B-9CA6-B19DE2727BBB}.Debug|Any CPU.ActiveCfg = Debug|Any CPU
		{E2B1BD36-D984-4A0B-9CA6-B19DE2727BBB}.Debug|Any CPU.Build.0 = Debug|Any CPU
		{E2B1BD36-D984-4A0B-9CA6-B19DE2727BBB}.Debug|x64.ActiveCfg = Debug|Any CPU
		{E2B1BD36-D984-4A0B-9CA6-B19DE2727BBB}.Debug|x64.Build.0 = Debug|Any CPU
		{E2B1BD36-D984-4A0B-9CA6-B19DE2727BBB}.Debug|x86.ActiveCfg = Debug|Any CPU
		{E2B1BD36-D984-4A0B-9CA6-B19DE2727BBB}.Debug|x86.Build.0 = Debug|Any CPU
		{E2B1BD36-D984-4A0B-9CA6-B19DE2727BBB}.Release|Any CPU.ActiveCfg = Release|Any CPU
		{E2B1BD36-D984-4A0B-9CA6-B19DE2727BBB}.Release|Any CPU.Build.0 = Release|Any CPU
		{E2B1BD36-D984-4A0B-9CA6-B19DE2727BBB}.Release|x64.ActiveCfg = Release|Any CPU
		{E2B1BD36-D984-4A0B-9CA6-B19DE2727BBB}.Release|x64.Build.0 = Release|Any CPU
		{E2B1BD36-D984-4A0B-9CA6-B19DE2727BBB}.Release|x86.ActiveCfg = Release|Any CPU
		{E2B1BD36-D984-4A0B-9CA6-B19DE2727BBB}.Release|x86.Build.0 = Release|Any CPU
		{A9CA17BE-7BDB-4906-A513-D6C5B4108977}.Debug|Any CPU.ActiveCfg = Debug|Any CPU
		{A9CA17BE-7BDB-4906-A513-D6C5B4108977}.Debug|Any CPU.Build.0 = Debug|Any CPU
		{A9CA17BE-7BDB-4906-A513-D6C5B4108977}.Debug|x64.ActiveCfg = Debug|Any CPU
		{A9CA17BE-7BDB-4906-A513-D6C5B4108977}.Debug|x64.Build.0 = Debug|Any CPU
		{A9CA17BE-7BDB-4906-A513-D6C5B4108977}.Debug|x86.ActiveCfg = Debug|Any CPU
		{A9CA17BE-7BDB-4906-A513-D6C5B4108977}.Debug|x86.Build.0 = Debug|Any CPU
		{A9CA17BE-7BDB-4906-A513-D6C5B4108977}.Release|Any CPU.ActiveCfg = Release|Any CPU
		{A9CA17BE-7BDB-4906-A513-D6C5B4108977}.Release|Any CPU.Build.0 = Release|Any CPU
		{A9CA17BE-7BDB-4906-A513-D6C5B4108977}.Release|x64.ActiveCfg = Release|Any CPU
		{A9CA17BE-7BDB-4906-A513-D6C5B4108977}.Release|x64.Build.0 = Release|Any CPU
		{A9CA17BE-7BDB-4906-A513-D6C5B4108977}.Release|x86.ActiveCfg = Release|Any CPU
		{A9CA17BE-7BDB-4906-A513-D6C5B4108977}.Release|x86.Build.0 = Release|Any CPU
		{0B23B0FD-3262-4A20-B8D3-E9FD600C1130}.Debug|Any CPU.ActiveCfg = Debug|Any CPU
		{0B23B0FD-3262-4A20-B8D3-E9FD600C1130}.Debug|Any CPU.Build.0 = Debug|Any CPU
		{0B23B0FD-3262-4A20-B8D3-E9FD600C1130}.Debug|x64.ActiveCfg = Debug|Any CPU
		{0B23B0FD-3262-4A20-B8D3-E9FD600C1130}.Debug|x64.Build.0 = Debug|Any CPU
		{0B23B0FD-3262-4A20-B8D3-E9FD600C1130}.Debug|x86.ActiveCfg = Debug|Any CPU
		{0B23B0FD-3262-4A20-B8D3-E9FD600C1130}.Debug|x86.Build.0 = Debug|Any CPU
		{0B23B0FD-3262-4A20-B8D3-E9FD600C1130}.Release|Any CPU.ActiveCfg = Release|Any CPU
		{0B23B0FD-3262-4A20-B8D3-E9FD600C1130}.Release|Any CPU.Build.0 = Release|Any CPU
		{0B23B0FD-3262-4A20-B8D3-E9FD600C1130}.Release|x64.ActiveCfg = Release|Any CPU
		{0B23B0FD-3262-4A20-B8D3-E9FD600C1130}.Release|x64.Build.0 = Release|Any CPU
		{0B23B0FD-3262-4A20-B8D3-E9FD600C1130}.Release|x86.ActiveCfg = Release|Any CPU
		{0B23B0FD-3262-4A20-B8D3-E9FD600C1130}.Release|x86.Build.0 = Release|Any CPU
		{701B7E11-69C0-46C0-B06B-FD6ED72D569A}.Debug|Any CPU.ActiveCfg = Debug|Any CPU
		{701B7E11-69C0-46C0-B06B-FD6ED72D569A}.Debug|Any CPU.Build.0 = Debug|Any CPU
		{701B7E11-69C0-46C0-B06B-FD6ED72D569A}.Debug|x64.ActiveCfg = Debug|Any CPU
		{701B7E11-69C0-46C0-B06B-FD6ED72D569A}.Debug|x64.Build.0 = Debug|Any CPU
		{701B7E11-69C0-46C0-B06B-FD6ED72D569A}.Debug|x86.ActiveCfg = Debug|Any CPU
		{701B7E11-69C0-46C0-B06B-FD6ED72D569A}.Debug|x86.Build.0 = Debug|Any CPU
		{701B7E11-69C0-46C0-B06B-FD6ED72D569A}.Release|Any CPU.ActiveCfg = Release|Any CPU
		{701B7E11-69C0-46C0-B06B-FD6ED72D569A}.Release|Any CPU.Build.0 = Release|Any CPU
		{701B7E11-69C0-46C0-B06B-FD6ED72D569A}.Release|x64.ActiveCfg = Release|Any CPU
		{701B7E11-69C0-46C0-B06B-FD6ED72D569A}.Release|x64.Build.0 = Release|Any CPU
		{701B7E11-69C0-46C0-B06B-FD6ED72D569A}.Release|x86.ActiveCfg = Release|Any CPU
		{701B7E11-69C0-46C0-B06B-FD6ED72D569A}.Release|x86.Build.0 = Release|Any CPU
		{2D9C1C25-506B-432D-985C-0A3E5934FFDB}.Debug|Any CPU.ActiveCfg = Debug|x64
		{2D9C1C25-506B-432D-985C-0A3E5934FFDB}.Debug|Any CPU.Build.0 = Debug|x64
		{2D9C1C25-506B-432D-985C-0A3E5934FFDB}.Debug|x64.ActiveCfg = Debug|x64
		{2D9C1C25-506B-432D-985C-0A3E5934FFDB}.Debug|x64.Build.0 = Debug|x64
		{2D9C1C25-506B-432D-985C-0A3E5934FFDB}.Debug|x86.ActiveCfg = Debug|Win32
		{2D9C1C25-506B-432D-985C-0A3E5934FFDB}.Debug|x86.Build.0 = Debug|Win32
		{2D9C1C25-506B-432D-985C-0A3E5934FFDB}.Release|Any CPU.ActiveCfg = Release|x64
		{2D9C1C25-506B-432D-985C-0A3E5934FFDB}.Release|Any CPU.Build.0 = Release|x64
		{2D9C1C25-506B-432D-985C-0A3E5934FFDB}.Release|x64.ActiveCfg = Release|x64
		{2D9C1C25-506B-432D-985C-0A3E5934FFDB}.Release|x64.Build.0 = Release|x64
		{2D9C1C25-506B-432D-985C-0A3E5934FFDB}.Release|x86.ActiveCfg = Release|Win32
		{2D9C1C25-506B-432D-985C-0A3E5934FFDB}.Release|x86.Build.0 = Release|Win32
		{5E281A36-C987-4EA8-8682-E21286B8EB6C}.Debug|Any CPU.ActiveCfg = Debug|Any CPU
		{5E281A36-C987-4EA8-8682-E21286B8EB6C}.Debug|Any CPU.Build.0 = Debug|Any CPU
		{5E281A36-C987-4EA8-8682-E21286B8EB6C}.Debug|x64.ActiveCfg = Debug|Any CPU
		{5E281A36-C987-4EA8-8682-E21286B8EB6C}.Debug|x64.Build.0 = Debug|Any CPU
		{5E281A36-C987-4EA8-8682-E21286B8EB6C}.Debug|x86.ActiveCfg = Debug|Any CPU
		{5E281A36-C987-4EA8-8682-E21286B8EB6C}.Debug|x86.Build.0 = Debug|Any CPU
		{5E281A36-C987-4EA8-8682-E21286B8EB6C}.Release|Any CPU.ActiveCfg = Release|Any CPU
		{5E281A36-C987-4EA8-8682-E21286B8EB6C}.Release|Any CPU.Build.0 = Release|Any CPU
		{5E281A36-C987-4EA8-8682-E21286B8EB6C}.Release|x64.ActiveCfg = Release|Any CPU
		{5E281A36-C987-4EA8-8682-E21286B8EB6C}.Release|x64.Build.0 = Release|Any CPU
		{5E281A36-C987-4EA8-8682-E21286B8EB6C}.Release|x86.ActiveCfg = Release|Any CPU
		{5E281A36-C987-4EA8-8682-E21286B8EB6C}.Release|x86.Build.0 = Release|Any CPU
		{CE9F61A2-2A37-437E-887D-5E2461846C86}.Debug|Any CPU.ActiveCfg = Debug|Any CPU
		{CE9F61A2-2A37-437E-887D-5E2461846C86}.Debug|Any CPU.Build.0 = Debug|Any CPU
		{CE9F61A2-2A37-437E-887D-5E2461846C86}.Debug|x64.ActiveCfg = Debug|Any CPU
		{CE9F61A2-2A37-437E-887D-5E2461846C86}.Debug|x64.Build.0 = Debug|Any CPU
		{CE9F61A2-2A37-437E-887D-5E2461846C86}.Debug|x86.ActiveCfg = Debug|Any CPU
		{CE9F61A2-2A37-437E-887D-5E2461846C86}.Debug|x86.Build.0 = Debug|Any CPU
		{CE9F61A2-2A37-437E-887D-5E2461846C86}.Release|Any CPU.ActiveCfg = Release|Any CPU
		{CE9F61A2-2A37-437E-887D-5E2461846C86}.Release|Any CPU.Build.0 = Release|Any CPU
		{CE9F61A2-2A37-437E-887D-5E2461846C86}.Release|x64.ActiveCfg = Release|Any CPU
		{CE9F61A2-2A37-437E-887D-5E2461846C86}.Release|x64.Build.0 = Release|Any CPU
		{CE9F61A2-2A37-437E-887D-5E2461846C86}.Release|x86.ActiveCfg = Release|Any CPU
		{CE9F61A2-2A37-437E-887D-5E2461846C86}.Release|x86.Build.0 = Release|Any CPU
		{2D9FFBCA-4256-48B5-BAE9-CDFDD548F0EE}.Debug|Any CPU.ActiveCfg = Debug|Any CPU
		{2D9FFBCA-4256-48B5-BAE9-CDFDD548F0EE}.Debug|Any CPU.Build.0 = Debug|Any CPU
		{2D9FFBCA-4256-48B5-BAE9-CDFDD548F0EE}.Debug|x64.ActiveCfg = Debug|Any CPU
		{2D9FFBCA-4256-48B5-BAE9-CDFDD548F0EE}.Debug|x64.Build.0 = Debug|Any CPU
		{2D9FFBCA-4256-48B5-BAE9-CDFDD548F0EE}.Debug|x86.ActiveCfg = Debug|Any CPU
		{2D9FFBCA-4256-48B5-BAE9-CDFDD548F0EE}.Debug|x86.Build.0 = Debug|Any CPU
		{2D9FFBCA-4256-48B5-BAE9-CDFDD548F0EE}.Release|Any CPU.ActiveCfg = Release|Any CPU
		{2D9FFBCA-4256-48B5-BAE9-CDFDD548F0EE}.Release|Any CPU.Build.0 = Release|Any CPU
		{2D9FFBCA-4256-48B5-BAE9-CDFDD548F0EE}.Release|x64.ActiveCfg = Release|Any CPU
		{2D9FFBCA-4256-48B5-BAE9-CDFDD548F0EE}.Release|x64.Build.0 = Release|Any CPU
		{2D9FFBCA-4256-48B5-BAE9-CDFDD548F0EE}.Release|x86.ActiveCfg = Release|Any CPU
		{2D9FFBCA-4256-48B5-BAE9-CDFDD548F0EE}.Release|x86.Build.0 = Release|Any CPU
		{B0747653-7221-48EA-AEA2-781F1CBBAB53}.Debug|Any CPU.ActiveCfg = Debug|Any CPU
		{B0747653-7221-48EA-AEA2-781F1CBBAB53}.Debug|Any CPU.Build.0 = Debug|Any CPU
		{B0747653-7221-48EA-AEA2-781F1CBBAB53}.Debug|x64.ActiveCfg = Debug|Any CPU
		{B0747653-7221-48EA-AEA2-781F1CBBAB53}.Debug|x64.Build.0 = Debug|Any CPU
		{B0747653-7221-48EA-AEA2-781F1CBBAB53}.Debug|x86.ActiveCfg = Debug|Any CPU
		{B0747653-7221-48EA-AEA2-781F1CBBAB53}.Debug|x86.Build.0 = Debug|Any CPU
		{B0747653-7221-48EA-AEA2-781F1CBBAB53}.Release|Any CPU.ActiveCfg = Release|Any CPU
		{B0747653-7221-48EA-AEA2-781F1CBBAB53}.Release|Any CPU.Build.0 = Release|Any CPU
		{B0747653-7221-48EA-AEA2-781F1CBBAB53}.Release|x64.ActiveCfg = Release|Any CPU
		{B0747653-7221-48EA-AEA2-781F1CBBAB53}.Release|x64.Build.0 = Release|Any CPU
		{B0747653-7221-48EA-AEA2-781F1CBBAB53}.Release|x86.ActiveCfg = Release|Any CPU
		{B0747653-7221-48EA-AEA2-781F1CBBAB53}.Release|x86.Build.0 = Release|Any CPU
		{D89E92CD-C0D2-49BE-8F29-DB667DD98AF8}.Debug|Any CPU.ActiveCfg = Debug|Any CPU
		{D89E92CD-C0D2-49BE-8F29-DB667DD98AF8}.Debug|Any CPU.Build.0 = Debug|Any CPU
		{D89E92CD-C0D2-49BE-8F29-DB667DD98AF8}.Debug|x64.ActiveCfg = Debug|Any CPU
		{D89E92CD-C0D2-49BE-8F29-DB667DD98AF8}.Debug|x64.Build.0 = Debug|Any CPU
		{D89E92CD-C0D2-49BE-8F29-DB667DD98AF8}.Debug|x86.ActiveCfg = Debug|Any CPU
		{D89E92CD-C0D2-49BE-8F29-DB667DD98AF8}.Debug|x86.Build.0 = Debug|Any CPU
		{D89E92CD-C0D2-49BE-8F29-DB667DD98AF8}.Release|Any CPU.ActiveCfg = Release|Any CPU
		{D89E92CD-C0D2-49BE-8F29-DB667DD98AF8}.Release|Any CPU.Build.0 = Release|Any CPU
		{D89E92CD-C0D2-49BE-8F29-DB667DD98AF8}.Release|x64.ActiveCfg = Release|Any CPU
		{D89E92CD-C0D2-49BE-8F29-DB667DD98AF8}.Release|x64.Build.0 = Release|Any CPU
		{D89E92CD-C0D2-49BE-8F29-DB667DD98AF8}.Release|x86.ActiveCfg = Release|Any CPU
		{D89E92CD-C0D2-49BE-8F29-DB667DD98AF8}.Release|x86.Build.0 = Release|Any CPU
	EndGlobalSection
	GlobalSection(SolutionProperties) = preSolution
		HideSolutionNode = FALSE
	EndGlobalSection
	GlobalSection(NestedProjects) = preSolution
		{79EA1EE8-82FB-4A0B-A326-BFE4D8111EAB} = {66D8CB19-CE5E-4E33-9891-CA863C280914}
		{7E37BEFB-8BD2-4F16-8B4C-9D0828784545} = {66D8CB19-CE5E-4E33-9891-CA863C280914}
		{CCB7A4BA-E820-4BF2-8A7F-F56B78D3F3F3} = {66D8CB19-CE5E-4E33-9891-CA863C280914}
		{C2CA55B7-3905-4F52-B95A-83D91259137C} = {66D8CB19-CE5E-4E33-9891-CA863C280914}
		{718D7370-BAE7-473F-8815-B70F482FED6A} = {66D8CB19-CE5E-4E33-9891-CA863C280914}
		{C2A83741-70BF-46D5-9115-F413674759FF} = {66D8CB19-CE5E-4E33-9891-CA863C280914}
		{E2B1BD36-D984-4A0B-9CA6-B19DE2727BBB} = {66D8CB19-CE5E-4E33-9891-CA863C280914}
	EndGlobalSection
	GlobalSection(ExtensibilityGlobals) = postSolution
		SolutionGuid = {C2664B15-54DC-4D12-95D1-C7A2B3140A0B}
	EndGlobalSection
EndGlobal
